
Microsoft Visual Studio Solution File, Format Version 12.00
# Visual Studio 15
VisualStudioVersion = 15.0.28307.757
MinimumVisualStudioVersion = 10.0.40219.1
Project("{FAE04EC0-301F-11D3-BF4B-00C04F79EFBC}") = "Dynamics", "Dynamics\Dynamics.csproj", "{00F86A08-48DA-4144-8C0A-B2BAA943B991}"
EndProject
Global
	GlobalSection(SolutionConfigurationPlatforms) = preSolution
		Debug|Any CPU = Debug|Any CPU
		Release|Any CPU = Release|Any CPU
	EndGlobalSection
	GlobalSection(ProjectConfigurationPlatforms) = postSolution
		{00F86A08-48DA-4144-8C0A-B2BAA943B991}.Debug|Any CPU.ActiveCfg = Debug|Any CPU
		{00F86A08-48DA-4144-8C0A-B2BAA943B991}.Debug|Any CPU.Build.0 = Debug|Any CPU
		{00F86A08-48DA-4144-8C0A-B2BAA943B991}.Release|Any CPU.ActiveCfg = Release|Any CPU
		{00F86A08-48DA-4144-8C0A-B2BAA943B991}.Release|Any CPU.Build.0 = Release|Any CPU
	EndGlobalSection
	GlobalSection(SolutionProperties) = preSolution
		HideSolutionNode = FALSE
	EndGlobalSection
	GlobalSection(ExtensibilityGlobals) = postSolution
		SolutionGuid = {19964A55-87BA-4B90-9E5D-746350BE7CC4}
	EndGlobalSection
EndGlobal
